# THIS IS AN AUTOGENERATED FILE. DO NOT EDIT THIS FILE DIRECTLY.
# yarn lockfile v1


"@azure/functions@^4.1.0":
  version "4.1.0"
  resolved "https://registry.yarnpkg.com/@azure/functions/-/functions-4.1.0.tgz#f8a1996fce2b464fb69b0f6506a85ee064e19075"
  integrity sha512-45WDaJZiTmvaIOPSdWWKL5NgzgUWsNzXDNlF7oCMLS43lE602qG7XE6Hdg9ewPWBj55URHRU7UWTHk4uDVqBGg==
  dependencies:
    long "^4.0.0"
    undici "^5.13.0"

"@fastify/busboy@^2.0.0":
  version "2.1.0"
  resolved "https://registry.yarnpkg.com/@fastify/busboy/-/busboy-2.1.0.tgz#0709e9f4cb252351c609c6e6d8d6779a8d25edff"
  integrity sha512-+KpH+QxZU7O4675t3mnkQKcZZg56u+K/Ct2K+N2AZYNVK8kyeo/bI18tI8aPm3tvNNRyTWfj6s5tnGNlcbQRsA==

long@^4.0.0:
  version "4.0.0"
  resolved "https://registry.yarnpkg.com/long/-/long-4.0.0.tgz#9a7b71cfb7d361a194ea555241c92f7468d5bf28"
  integrity sha512-XsP+KhQif4bjX1kbuSiySJFNAehNxgLb6hPRGJ9QsUr8ajHkuXGdrHmFUTUUXhDwVX2R5bY4JNZEwbUiMhV+MA==

undici@^5.13.0:
  version "5.28.2"
  resolved "https://registry.yarnpkg.com/undici/-/undici-5.28.2.tgz#fea200eac65fc7ecaff80a023d1a0543423b4c91"
  integrity sha512-wh1pHJHnUeQV5Xa8/kyQhO7WFa8M34l026L5P/+2TYiakvGy5Rdc8jWZVyG7ieht/0WgJLEd3kcU5gKx+6GC8w==
  dependencies:
    "@fastify/busboy" "^2.0.0"
